PODS:
  - Capacitor (5.0.5):
    - CapacitorCordova
  - CapacitorApp (1.1.1):
    - Capacitor
  - CapacitorBrowser (1.0.6):
    - Capacitor
  - CapacitorCamera (1.3.1):
    - Capacitor
  - CapacitorCordova (5.0.5)
  - CapacitorFilesystem (5.0.4):
    - Capacitor
  - CapacitorHaptics (1.1.4):
    - Capacitor
  - CapacitorKeyboard (5.0.4):
    - Capacitor
  - CapacitorPreferences (5.0.4):
    - Capacitor
  - CapacitorStatusBar (5.0.4):
    - Capacitor
  - CordovaPlugins (5.0.5):
    - CapacitorCordova

DEPENDENCIES:
  - "Capacitor (from `../../node_modules/@capacitor/ios`)"
  - "CapacitorApp (from `../../node_modules/@capacitor/app`)"
  - "CapacitorBrowser (from `../../node_modules/@capacitor/browser`)"
  - "CapacitorCamera (from `../../node_modules/@capacitor/camera`)"
  - "CapacitorCordova (from `../../node_modules/@capacitor/ios`)"
  - "CapacitorFilesystem (from `../../node_modules/@capacitor/filesystem`)"
  - "CapacitorHaptics (from `../../node_modules/@capacitor/haptics`)"
  - "CapacitorKeyboard (from `../../node_modules/@capacitor/keyboard`)"
  - "CapacitorPreferences (from `../../node_modules/@capacitor/preferences`)"
  - "CapacitorStatusBar (from `../../node_modules/@capacitor/status-bar`)"
  - CordovaPlugins (from `../capacitor-cordova-ios-plugins`)

EXTERNAL SOURCES:
  Capacitor:
    :path: "../../node_modules/@capacitor/ios"
  CapacitorApp:
    :path: "../../node_modules/@capacitor/app"
  CapacitorBrowser:
    :path: "../../node_modules/@capacitor/browser"
  CapacitorCamera:
    :path: "../../node_modules/@capacitor/camera"
  CapacitorCordova:
    :path: "../../node_modules/@capacitor/ios"
  CapacitorFilesystem:
    :path: "../../node_modules/@capacitor/filesystem"
  CapacitorHaptics:
    :path: "../../node_modules/@capacitor/haptics"
  CapacitorKeyboard:
    :path: "../../node_modules/@capacitor/keyboard"
  CapacitorPreferences:
    :path: "../../node_modules/@capacitor/preferences"
  CapacitorStatusBar:
    :path: "../../node_modules/@capacitor/status-bar"
  CordovaPlugins:
    :path: "../capacitor-cordova-ios-plugins"

SPEC CHECKSUMS:
  Capacitor: b1248915663add1bd6567e2b67c1c1fa3abcf5e8
  CapacitorApp: 6539a37b671391147dd0180e1483c051077254bf
  CapacitorBrowser: dd3a22b097c6e006db7d4e97438f95a8bb546619
  CapacitorCamera: 516a1d0d554357def17e85c8e492d5a983aab80f
  CapacitorCordova: f8c06b897c74ee8f7701fe10e6443b40822bc83a
  CapacitorFilesystem: e1bdfab09b95b181c844c16abcfda45ec8e8ed6b
  CapacitorHaptics: cbf7ea645db90c005c96bedd0034aa7a447fe5cc
  CapacitorKeyboard: d1b25fde6f19744ad09c890862aefc6e2a7ded3d
  CapacitorPreferences: 82a9ecf5355283a3b3cf7ac217d8c5534c4dee8a
  CapacitorStatusBar: 190e0321b8734f4244d0c81baa183a00d5806ddf
  CordovaPlugins: 22742ae7253dfccf584dc7ba979ba90e3c8edea4

PODFILE CHECKSUM: 354bbc150eda0b9bd85af8f96a1f4f032a8ca28b

COCOAPODS: 1.11.2
